{
    "_readme": [
        "This file locks the dependencies of your project to a known state",
        "Read more about it at https://getcomposer.org/doc/01-basic-usage.md#composer-lock-the-lock-file",
        "This file is @generated automatically"
    ],
    "content-hash": "87c720cd6f919ce19343756d041081f3",
    "packages": [
        {
            "name": "doctrine/annotations",
            "version": "v1.5.0",
            "source": {
                "type": "git",
                "url": "https://github.com/doctrine/annotations.git",
                "reference": "5beebb01b025c94e93686b7a0ed3edae81fe3e7f"
            },
            "dist": {
                "type": "zip",
                "url": "https://api.github.com/repos/doctrine/annotations/zipball/5beebb01b025c94e93686b7a0ed3edae81fe3e7f",
                "reference": "5beebb01b025c94e93686b7a0ed3edae81fe3e7f",
                "shasum": ""
            },
            "require": {
                "doctrine/lexer": "1.*",
                "php": "^7.1"
            },
            "require-dev": {
                "doctrine/cache": "1.*",
                "phpunit/phpunit": "^5.7"
            },
            "type": "library",
            "extra": {
                "branch-alias": {
                    "dev-master": "1.5.x-dev"
                }
            },
            "autoload": {
                "psr-4": {
                    "Doctrine\\Common\\Annotations\\": "lib/Doctrine/Common/Annotations"
                }
            },
            "notification-url": "https://packagist.org/downloads/",
            "license": [
                "MIT"
            ],
            "authors": [
                {
                    "name": "Roman Borschel",
                    "email": "roman@code-factory.org"
                },
                {
                    "name": "Benjamin Eberlei",
                    "email": "kontakt@beberlei.de"
                },
                {
                    "name": "Guilherme Blanco",
                    "email": "guilhermeblanco@gmail.com"
                },
                {
                    "name": "Jonathan Wage",
                    "email": "jonwage@gmail.com"
                },
                {
                    "name": "Johannes Schmitt",
                    "email": "schmittjoh@gmail.com"
                }
            ],
            "description": "Docblock Annotations Parser",
            "homepage": "http://www.doctrine-project.org",
            "keywords": [
                "annotations",
                "docblock",
                "parser"
            ],
            "time": "2017-07-22T10:58:02+00:00"
        },
        {
            "name": "doctrine/cache",
            "version": "v1.7.0",
            "source": {
                "type": "git",
                "url": "https://github.com/doctrine/cache.git",
                "reference": "53d9518ffeb019c51d542ff60cb578f076d3ff16"
            },
            "dist": {
                "type": "zip",
                "url": "https://api.github.com/repos/doctrine/cache/zipball/53d9518ffeb019c51d542ff60cb578f076d3ff16",
                "reference": "53d9518ffeb019c51d542ff60cb578f076d3ff16",
                "shasum": ""
            },
            "require": {
                "php": "~7.1"
            },
            "conflict": {
                "doctrine/common": ">2.2,<2.4"
            },
            "require-dev": {
                "alcaeus/mongo-php-adapter": "^1.1",
                "mongodb/mongodb": "^1.1",
                "phpunit/phpunit": "^5.7",
                "predis/predis": "~1.0"
            },
            "suggest": {
                "alcaeus/mongo-php-adapter": "Required to use legacy MongoDB driver"
            },
            "type": "library",
            "extra": {
                "branch-alias": {
                    "dev-master": "1.7.x-dev"
                }
            },
            "autoload": {
                "psr-4": {
                    "Doctrine\\Common\\Cache\\": "lib/Doctrine/Common/Cache"
                }
            },
            "notification-url": "https://packagist.org/downloads/",
            "license": [
                "MIT"
            ],
            "authors": [
                {
                    "name": "Roman Borschel",
                    "email": "roman@code-factory.org"
                },
                {
                    "name": "Benjamin Eberlei",
                    "email": "kontakt@beberlei.de"
                },
                {
                    "name": "Guilherme Blanco",
                    "email": "guilhermeblanco@gmail.com"
                },
                {
                    "name": "Jonathan Wage",
                    "email": "jonwage@gmail.com"
                },
                {
                    "name": "Johannes Schmitt",
                    "email": "schmittjoh@gmail.com"
                }
            ],
            "description": "Caching library offering an object-oriented API for many cache backends",
            "homepage": "http://www.doctrine-project.org",
            "keywords": [
                "cache",
                "caching"
            ],
            "time": "2017-07-22T13:00:15+00:00"
        },
        {
            "name": "doctrine/lexer",
            "version": "v1.0.1",
            "source": {
                "type": "git",
                "url": "https://github.com/doctrine/lexer.git",
                "reference": "83893c552fd2045dd78aef794c31e694c37c0b8c"
            },
            "dist": {
                "type": "zip",
                "url": "https://api.github.com/repos/doctrine/lexer/zipball/83893c552fd2045dd78aef794c31e694c37c0b8c",
                "reference": "83893c552fd2045dd78aef794c31e694c37c0b8c",
                "shasum": ""
            },
            "require": {
                "php": ">=5.3.2"
            },
            "type": "library",
            "extra": {
                "branch-alias": {
                    "dev-master": "1.0.x-dev"
                }
            },
            "autoload": {
                "psr-0": {
                    "Doctrine\\Common\\Lexer\\": "lib/"
                }
            },
            "notification-url": "https://packagist.org/downloads/",
            "license": [
                "MIT"
            ],
            "authors": [
                {
                    "name": "Roman Borschel",
                    "email": "roman@code-factory.org"
                },
                {
                    "name": "Guilherme Blanco",
                    "email": "guilhermeblanco@gmail.com"
                },
                {
                    "name": "Johannes Schmitt",
                    "email": "schmittjoh@gmail.com"
                }
            ],
            "description": "Base library for a lexer that can be used in Top-Down, Recursive Descent Parsers.",
            "homepage": "http://www.doctrine-project.org",
            "keywords": [
                "lexer",
                "parser"
            ],
            "time": "2014-09-09T13:34:57+00:00"
        },
        {
            "name": "jan-swiecki/simple-annotations",
            "version": "0.3.1",
            "source": {
                "type": "git",
                "url": "https://github.com/jan-swiecki/php-simple-annotations.git",
                "reference": "a10f772b24ecbc6b2a9c93c7ba9f4c6e879133a6"
            },
            "dist": {
                "type": "zip",
                "url": "https://api.github.com/repos/jan-swiecki/php-simple-annotations/zipball/a10f772b24ecbc6b2a9c93c7ba9f4c6e879133a6",
                "reference": "a10f772b24ecbc6b2a9c93c7ba9f4c6e879133a6",
                "shasum": ""
            },
            "require": {
                "php": ">=5.3.0"
            },
            "type": "library",
            "autoload": {
                "psr-0": {
                    "DocBlockReader": "src/"
                }
            },
            "notification-url": "https://packagist.org/downloads/",
            "license": [
                "MIT"
            ],
            "authors": [
                {
                    "name": "Jan Święcki",
                    "email": "jan.swiecki@gmail.com",
                    "role": "Developer"
                }
            ],
            "description": "Simple annotation parser",
            "homepage": "https://github.com/jan-swiecki/php-simple-annotations",
            "keywords": [
                "annotation",
                "annotations",
                "docblock",
                "parser"
            ],
            "time": "2015-08-17T18:38:50+00:00"
        },
        {
            "name": "tebru/doctrine-annotation-reader",
            "version": "v0.1.0",
            "source": {
                "type": "git",
                "url": "https://github.com/tebru/doctrine-annotation-reader.git",
                "reference": "29cce0c55657e8260399c625cc6b04363d6d8355"
            },
            "dist": {
                "type": "zip",
                "url": "https://api.github.com/repos/tebru/doctrine-annotation-reader/zipball/29cce0c55657e8260399c625cc6b04363d6d8355",
                "reference": "29cce0c55657e8260399c625cc6b04363d6d8355",
                "shasum": ""
            },
            "require": {
                "doctrine/annotations": "^1.2",
                "doctrine/cache": "^1.6",
                "php": ">= 7.1"
            },
            "require-dev": {
                "phpunit/phpunit": "^4.8"
            },
            "type": "library",
            "autoload": {
                "psr-4": {
                    "Tebru\\AnnotationReader\\": "src/"
                }
            },
            "notification-url": "https://packagist.org/downloads/",
            "license": [
                "MIT"
            ],
            "authors": [
                {
                    "name": "Nate Brunette",
                    "email": "n@tebru.net"
                }
            ],
            "description": "Provides a cleaner API for reading Doctrine annotations",
            "time": "2017-07-25T15:36:01+00:00"
        },
        {
            "name": "tebru/gson-php",
            "version": "v0.4.0",
            "source": {
                "type": "git",
                "url": "https://github.com/tebru/gson-php.git",
                "reference": "3a3149f117523834b329d49013bb1d8d012f0727"
            },
            "dist": {
                "type": "zip",
                "url": "https://api.github.com/repos/tebru/gson-php/zipball/3a3149f117523834b329d49013bb1d8d012f0727",
                "reference": "3a3149f117523834b329d49013bb1d8d012f0727",
                "shasum": ""
            },
            "require": {
                "doctrine/annotations": "^1.2",
                "doctrine/cache": "^1.0",
                "php": ">= 7.1",
                "tebru/doctrine-annotation-reader": "^0.1.0",
                "tebru/php-type": "^0.1.0"
            },
            "require-dev": {
                "phpunit/phpunit": "^5.5"
            },
            "type": "library",
            "autoload": {
                "psr-4": {
                    "Tebru\\Gson\\": "src/"
                }
            },
            "notification-url": "https://packagist.org/downloads/",
            "license": [
                "MIT"
            ],
            "authors": [
                {
                    "name": "Nate Brunette",
                    "email": "n@tebru.net"
                }
            ],
            "description": "Gson for PHP: Convert PHP objects to and from json",
            "time": "2017-07-25T15:42:56+00:00"
        },
        {
            "name": "tebru/php-type",
            "version": "v0.1.2",
            "source": {
                "type": "git",
                "url": "https://github.com/tebru/php-type.git",
                "reference": "c52d4506586959440b8e72fbd3a70f0ea3df0b42"
            },
            "dist": {
                "type": "zip",
                "url": "https://api.github.com/repos/tebru/php-type/zipball/c52d4506586959440b8e72fbd3a70f0ea3df0b42",
                "reference": "c52d4506586959440b8e72fbd3a70f0ea3df0b42",
                "shasum": ""
            },
            "require": {
                "php": ">= 7.1"
            },
            "require-dev": {
                "phpunit/phpunit": "^5.7"
            },
            "type": "library",
            "autoload": {
                "psr-4": {
                    "Tebru\\PhpType\\": "src/"
                }
            },
            "notification-url": "https://packagist.org/downloads/",
            "license": [
                "MIT"
            ],
            "authors": [
                {
                    "name": "Nate Brunette",
                    "email": "n@tebru.net"
                }
            ],
            "description": "A type wrapper for PHP that support generic syntax",
            "time": "2017-07-24T11:49:18+00:00"
        }
    ],
    "packages-dev": [],
    "aliases": [],
    "minimum-stability": "stable",
    "stability-flags": [],
    "prefer-stable": true,
    "prefer-lowest": false,
    "platform": {
        "php": ">=7.1"
    },
    "platform-dev": []
}
